
Microsoft Visual Studio Solution File, Format Version 12.00
# Visual Studio Version 17
VisualStudioVersion = 17.3.32929.385
MinimumVisualStudioVersion = 10.0.40219.1
Project("{FAE04EC0-301F-11D3-BF4B-00C04F79EFBC}") = "App", "App\App.csproj", "{F0DA4573-80FE-4861-BFBF-1A874EF03A6C}"
EndProject
Project("{FAE04EC0-301F-11D3-BF4B-00C04F79EFBC}") = "App.Test", "App\App.Test\App.Test.csproj", "{5B52AA5D-D055-4F9A-8292-2BB1EF280E4F}"
EndProject
Global
	GlobalSection(SolutionConfigurationPlatforms) = preSolution
		Debug|Any CPU = Debug|Any CPU
		Release|Any CPU = Release|Any CPU
	EndGlobalSection
	GlobalSection(ProjectConfigurationPlatforms) = postSolution
		{F0DA4573-80FE-4861-BFBF-1A874EF03A6C}.Debug|Any CPU.ActiveCfg = Debug|Any CPU
		{F0DA4573-80FE-4861-BFBF-1A874EF03A6C}.Debug|Any CPU.Build.0 = Debug|Any CPU
		{F0DA4573-80FE-4861-BFBF-1A874EF03A6C}.Release|Any CPU.ActiveCfg = Release|Any CPU
		{F0DA4573-80FE-4861-BFBF-1A874EF03A6C}.Release|Any CPU.Build.0 = Release|Any CPU
		{5B52AA5D-D055-4F9A-8292-2BB1EF280E4F}.Debug|Any CPU.ActiveCfg = Debug|Any CPU
		{5B52AA5D-D055-4F9A-8292-2BB1EF280E4F}.Debug|Any CPU.Build.0 = Debug|Any CPU
		{5B52AA5D-D055-4F9A-8292-2BB1EF280E4F}.Release|Any CPU.ActiveCfg = Release|Any CPU
		{5B52AA5D-D055-4F9A-8292-2BB1EF280E4F}.Release|Any CPU.Build.0 = Release|Any CPU
	EndGlobalSection
	GlobalSection(SolutionProperties) = preSolution
		HideSolutionNode = FALSE
	EndGlobalSection
	GlobalSection(ExtensibilityGlobals) = postSolution
		SolutionGuid = {8BF8F596-A842-47A5-8A4A-4E421244C8B9}
	EndGlobalSection
EndGlobal
